// !$*UTF8*$!
{
	archiveVersion = 1;
	classes = {
	};
	objectVersion = 46;
	objects = {

/* Begin PBXBuildFile section */
		2EFE2BF112DE0FF347FA4BCA /* Pods_NiceArticle.framework in Frameworks */ = {isa = PBXBuildFile; fileRef = ED81BC293334BE6D05C54447 /* Pods_NiceArticle.framework */; };
		B9F75EEC1D88FC2200E59863 /* NetAPIClient.m in Sources */ = {isa = PBXBuildFile; fileRef = B9F75EE41D88FC2200E59863 /* NetAPIClient.m */; };
		B9F75EED1D88FC2200E59863 /* NetAPIManager.m in Sources */ = {isa = PBXBuildFile; fileRef = B9F75EE61D88FC2200E59863 /* NetAPIManager.m */; };
		B9F75EEE1D88FC2200E59863 /* NSObject+Common.m in Sources */ = {isa = PBXBuildFile; fileRef = B9F75EE91D88FC2200E59863 /* NSObject+Common.m */; };
		B9F75EEF1D88FC2200E59863 /* NSObject+ObjectMap.m in Sources */ = {isa = PBXBuildFile; fileRef = B9F75EEB1D88FC2200E59863 /* NSObject+ObjectMap.m */; };
		F8D763351D792A2800A720FE /* main.m in Sources */ = {isa = PBXBuildFile; fileRef = F8D763341D792A2800A720FE /* main.m */; };
		F8D763381D792A2800A720FE /* AppDelegate.m in Sources */ = {isa = PBXBuildFile; fileRef = F8D763371D792A2800A720FE /* AppDelegate.m */; };
		F8D763411D792A2800A720FE /* NiceArticle.xcdatamodeld in Sources */ = {isa = PBXBuildFile; fileRef = F8D7633F1D792A2800A720FE /* NiceArticle.xcdatamodeld */; };
		F8D763431D792A2800A720FE /* Assets.xcassets in Resources */ = {isa = PBXBuildFile; fileRef = F8D763421D792A2800A720FE /* Assets.xcassets */; };
		F8D763461D792A2800A720FE /* LaunchScreen.storyboard in Resources */ = {isa = PBXBuildFile; fileRef = F8D763441D792A2800A720FE /* LaunchScreen.storyboard */; };
		F8D7635B1D792F0800A720FE /* NAHomeViewController.m in Sources */ = {isa = PBXBuildFile; fileRef = F8D7635A1D792F0800A720FE /* NAHomeViewController.m */; };
		F8D7635E1D79319600A720FE /* NAMainViewController.m in Sources */ = {isa = PBXBuildFile; fileRef = F8D7635D1D79319600A720FE /* NAMainViewController.m */; };
		F8D7636A1D79637A00A720FE /* MToastUtil.m in Sources */ = {isa = PBXBuildFile; fileRef = F8D763691D79637A00A720FE /* MToastUtil.m */; };
		F8DE92551D87CE4A004DADDD /* NACaoGaoViewController.m in Sources */ = {isa = PBXBuildFile; fileRef = F8DE92541D87CE4A004DADDD /* NACaoGaoViewController.m */; };
		F8DE92611D87CE7B004DADDD /* NAMineViewController.m in Sources */ = {isa = PBXBuildFile; fileRef = F8DE92581D87CE7B004DADDD /* NAMineViewController.m */; };
		F8DE92621D87CE7B004DADDD /* NAFindViewController.m in Sources */ = {isa = PBXBuildFile; fileRef = F8DE925B1D87CE7B004DADDD /* NAFindViewController.m */; };
		F8DE92631D87CE7B004DADDD /* NAAddViewController.m in Sources */ = {isa = PBXBuildFile; fileRef = F8DE925E1D87CE7B004DADDD /* NAAddViewController.m */; };
		F8DE92641D87CE7B004DADDD /* NAArticleItemModel.m in Sources */ = {isa = PBXBuildFile; fileRef = F8DE92601D87CE7B004DADDD /* NAArticleItemModel.m */; };
		F8DE92781D87D929004DADDD /* NAAddTextViewCell.m in Sources */ = {isa = PBXBuildFile; fileRef = F8DE92761D87D929004DADDD /* NAAddTextViewCell.m */; };
		F8DE92791D87D929004DADDD /* NAAddTextViewCell.xib in Resources */ = {isa = PBXBuildFile; fileRef = F8DE92771D87D929004DADDD /* NAAddTextViewCell.xib */; };
		F8F199BB1D7D65C800F34694 /* JXMovableCellTableView.m in Sources */ = {isa = PBXBuildFile; fileRef = F8F199B91D7D65C800F34694 /* JXMovableCellTableView.m */; };
		F8F199C41D7EB44A00F34694 /* MDeviceUtil.m in Sources */ = {isa = PBXBuildFile; fileRef = F8F199C31D7EB44A00F34694 /* MDeviceUtil.m */; };
/* End PBXBuildFile section */

/* Begin PBXFileReference section */
		17B208CA4BFCABED8528D263 /* Pods-NiceArticle.release.xcconfig */ = {isa = PBXFileReference; includeInIndex = 1; lastKnownFileType = text.xcconfig; name = "Pods-NiceArticle.release.xcconfig"; path = "Pods/Target Support Files/Pods-NiceArticle/Pods-NiceArticle.release.xcconfig"; sourceTree = "<group>"; };
		57929C07F38C432682F1D9B2 /* Pods-NiceArticle.debug.xcconfig */ = {isa = PBXFileReference; includeInIndex = 1; lastKnownFileType = text.xcconfig; name = "Pods-NiceArticle.debug.xcconfig"; path = "Pods/Target Support Files/Pods-NiceArticle/Pods-NiceArticle.debug.xcconfig"; sourceTree = "<group>"; };
		B9F75EE01D88FB0D00E59863 /* NiceArticle-Prefix.pch */ = {isa = PBXFileReference; fileEncoding = 4; lastKnownFileType = sourcecode.c.h; path = "NiceArticle-Prefix.pch"; sourceTree = "<group>"; };
		B9F75EE31D88FC2200E59863 /* NetAPIClient.h */ = {isa = PBXFileReference; fileEncoding = 4; lastKnownFileType = sourcecode.c.h; path = NetAPIClient.h; sourceTree = "<group>"; };
		B9F75EE41D88FC2200E59863 /* NetAPIClient.m */ = {isa = PBXFileReference; fileEncoding = 4; lastKnownFileType = sourcecode.c.objc; path = NetAPIClient.m; sourceTree = "<group>"; };
		B9F75EE51D88FC2200E59863 /* NetAPIManager.h */ = {isa = PBXFileReference; fileEncoding = 4; lastKnownFileType = sourcecode.c.h; path = NetAPIManager.h; sourceTree = "<group>"; };
		B9F75EE61D88FC2200E59863 /* NetAPIManager.m */ = {isa = PBXFileReference; fileEncoding = 4; lastKnownFileType = sourcecode.c.objc; path = NetAPIManager.m; sourceTree = "<group>"; };
		B9F75EE81D88FC2200E59863 /* NSObject+Common.h */ = {isa = PBXFileReference; fileEncoding = 4; lastKnownFileType = sourcecode.c.h; path = "NSObject+Common.h"; sourceTree = "<group>"; };
		B9F75EE91D88FC2200E59863 /* NSObject+Common.m */ = {isa = PBXFileReference; fileEncoding = 4; lastKnownFileType = sourcecode.c.objc; path = "NSObject+Common.m"; sourceTree = "<group>"; };
		B9F75EEA1D88FC2200E59863 /* NSObject+ObjectMap.h */ = {isa = PBXFileReference; fileEncoding = 4; lastKnownFileType = sourcecode.c.h; path = "NSObject+ObjectMap.h"; sourceTree = "<group>"; };
		B9F75EEB1D88FC2200E59863 /* NSObject+ObjectMap.m */ = {isa = PBXFileReference; fileEncoding = 4; lastKnownFileType = sourcecode.c.objc; path = "NSObject+ObjectMap.m"; sourceTree = "<group>"; };
		ED81BC293334BE6D05C54447 /* Pods_NiceArticle.framework */ = {isa = PBXFileReference; explicitFileType = wrapper.framework; includeInIndex = 0; path = Pods_NiceArticle.framework; sourceTree = BUILT_PRODUCTS_DIR; };
		F8D763301D792A2800A720FE /* NiceArticle.app */ = {isa = PBXFileReference; explicitFileType = wrapper.application; includeInIndex = 0; path = NiceArticle.app; sourceTree = BUILT_PRODUCTS_DIR; };
		F8D763341D792A2800A720FE /* main.m */ = {isa = PBXFileReference; lastKnownFileType = sourcecode.c.objc; path = main.m; sourceTree = "<group>"; };
		F8D763361D792A2800A720FE /* AppDelegate.h */ = {isa = PBXFileReference; lastKnownFileType = sourcecode.c.h; path = AppDelegate.h; sourceTree = "<group>"; };
		F8D763371D792A2800A720FE /* AppDelegate.m */ = {isa = PBXFileReference; lastKnownFileType = sourcecode.c.objc; path = AppDelegate.m; sourceTree = "<group>"; };
		F8D763401D792A2800A720FE /* NiceArticle.xcdatamodel */ = {isa = PBXFileReference; lastKnownFileType = wrapper.xcdatamodel; path = NiceArticle.xcdatamodel; sourceTree = "<group>"; };
		F8D763421D792A2800A720FE /* Assets.xcassets */ = {isa = PBXFileReference; lastKnownFileType = folder.assetcatalog; path = Assets.xcassets; sourceTree = "<group>"; };
		F8D763451D792A2800A720FE /* Base */ = {isa = PBXFileReference; lastKnownFileType = file.storyboard; name = Base; path = Base.lproj/LaunchScreen.storyboard; sourceTree = "<group>"; };
		F8D763471D792A2800A720FE /* Info.plist */ = {isa = PBXFileReference; lastKnownFileType = text.plist.xml; path = Info.plist; sourceTree = "<group>"; };
		F8D763591D792F0800A720FE /* NAHomeViewController.h */ = {isa = PBXFileReference; fileEncoding = 4; lastKnownFileType = sourcecode.c.h; name = NAHomeViewController.h; path = modules/home/NAHomeViewController.h; sourceTree = "<group>"; };
		F8D7635A1D792F0800A720FE /* NAHomeViewController.m */ = {isa = PBXFileReference; fileEncoding = 4; lastKnownFileType = sourcecode.c.objc; name = NAHomeViewController.m; path = modules/home/NAHomeViewController.m; sourceTree = "<group>"; };
		F8D7635C1D79319600A720FE /* NAMainViewController.h */ = {isa = PBXFileReference; fileEncoding = 4; lastKnownFileType = sourcecode.c.h; name = NAMainViewController.h; path = modules/home/NAMainViewController.h; sourceTree = "<group>"; };
		F8D7635D1D79319600A720FE /* NAMainViewController.m */ = {isa = PBXFileReference; fileEncoding = 4; lastKnownFileType = sourcecode.c.objc; name = NAMainViewController.m; path = modules/home/NAMainViewController.m; sourceTree = "<group>"; };
		F8D763691D79637A00A720FE /* MToastUtil.m */ = {isa = PBXFileReference; fileEncoding = 4; lastKnownFileType = sourcecode.c.objc; name = MToastUtil.m; path = library/utils/MToastUtil.m; sourceTree = "<group>"; };
		F8D7636C1D79648000A720FE /* MToastUtil.h */ = {isa = PBXFileReference; fileEncoding = 4; lastKnownFileType = sourcecode.c.h; name = MToastUtil.h; path = library/utils/MToastUtil.h; sourceTree = "<group>"; };
		F8DE92531D87CE4A004DADDD /* NACaoGaoViewController.h */ = {isa = PBXFileReference; fileEncoding = 4; lastKnownFileType = sourcecode.c.h; path = NACaoGaoViewController.h; sourceTree = "<group>"; };
		F8DE92541D87CE4A004DADDD /* NACaoGaoViewController.m */ = {isa = PBXFileReference; fileEncoding = 4; lastKnownFileType = sourcecode.c.objc; path = NACaoGaoViewController.m; sourceTree = "<group>"; };
		F8DE92571D87CE7B004DADDD /* NAMineViewController.h */ = {isa = PBXFileReference; fileEncoding = 4; lastKnownFileType = sourcecode.c.h; path = NAMineViewController.h; sourceTree = "<group>"; };
		F8DE92581D87CE7B004DADDD /* NAMineViewController.m */ = {isa = PBXFileReference; fileEncoding = 4; lastKnownFileType = sourcecode.c.objc; path = NAMineViewController.m; sourceTree = "<group>"; };
		F8DE925A1D87CE7B004DADDD /* NAFindViewController.h */ = {isa = PBXFileReference; fileEncoding = 4; lastKnownFileType = sourcecode.c.h; path = NAFindViewController.h; sourceTree = "<group>"; };
		F8DE925B1D87CE7B004DADDD /* NAFindViewController.m */ = {isa = PBXFileReference; fileEncoding = 4; lastKnownFileType = sourcecode.c.objc; path = NAFindViewController.m; sourceTree = "<group>"; };
		F8DE925D1D87CE7B004DADDD /* NAAddViewController.h */ = {isa = PBXFileReference; fileEncoding = 4; lastKnownFileType = sourcecode.c.h; path = NAAddViewController.h; sourceTree = "<group>"; };
		F8DE925E1D87CE7B004DADDD /* NAAddViewController.m */ = {isa = PBXFileReference; fileEncoding = 4; lastKnownFileType = sourcecode.c.objc; path = NAAddViewController.m; sourceTree = "<group>"; };
		F8DE925F1D87CE7B004DADDD /* NAArticleItemModel.h */ = {isa = PBXFileReference; fileEncoding = 4; lastKnownFileType = sourcecode.c.h; path = NAArticleItemModel.h; sourceTree = "<group>"; };
		F8DE92601D87CE7B004DADDD /* NAArticleItemModel.m */ = {isa = PBXFileReference; fileEncoding = 4; lastKnownFileType = sourcecode.c.objc; path = NAArticleItemModel.m; sourceTree = "<group>"; };
		F8DE92751D87D929004DADDD /* NAAddTextViewCell.h */ = {isa = PBXFileReference; fileEncoding = 4; lastKnownFileType = sourcecode.c.h; name = NAAddTextViewCell.h; path = cell/NAAddTextViewCell.h; sourceTree = "<group>"; };
		F8DE92761D87D929004DADDD /* NAAddTextViewCell.m */ = {isa = PBXFileReference; fileEncoding = 4; lastKnownFileType = sourcecode.c.objc; name = NAAddTextViewCell.m; path = cell/NAAddTextViewCell.m; sourceTree = "<group>"; };
		F8DE92771D87D929004DADDD /* NAAddTextViewCell.xib */ = {isa = PBXFileReference; fileEncoding = 4; lastKnownFileType = file.xib; name = NAAddTextViewCell.xib; path = cell/NAAddTextViewCell.xib; sourceTree = "<group>"; };
		F8F199B91D7D65C800F34694 /* JXMovableCellTableView.m */ = {isa = PBXFileReference; fileEncoding = 4; lastKnownFileType = sourcecode.c.objc; name = JXMovableCellTableView.m; path = library/widget/tableview/JXMovableCellTableView.m; sourceTree = "<group>"; };
		F8F199BA1D7D65C800F34694 /* JXMovableCellTableView.h */ = {isa = PBXFileReference; fileEncoding = 4; lastKnownFileType = sourcecode.c.h; name = JXMovableCellTableView.h; path = library/widget/tableview/JXMovableCellTableView.h; sourceTree = "<group>"; };
		F8F199C21D7EB44A00F34694 /* MDeviceUtil.h */ = {isa = PBXFileReference; fileEncoding = 4; lastKnownFileType = sourcecode.c.h; name = MDeviceUtil.h; path = library/utils/MDeviceUtil.h; sourceTree = "<group>"; };
		F8F199C31D7EB44A00F34694 /* MDeviceUtil.m */ = {isa = PBXFileReference; fileEncoding = 4; lastKnownFileType = sourcecode.c.objc; name = MDeviceUtil.m; path = library/utils/MDeviceUtil.m; sourceTree = "<group>"; };
/* End PBXFileReference section */

/* Begin PBXFrameworksBuildPhase section */
		F8D7632D1D792A2800A720FE /* Frameworks */ = {
			isa = PBXFrameworksBuildPhase;
			buildActionMask = 2147483647;
			files = (
				2EFE2BF112DE0FF347FA4BCA /* Pods_NiceArticle.framework in Frameworks */,
			);
			runOnlyForDeploymentPostprocessing = 0;
		};
/* End PBXFrameworksBuildPhase section */

/* Begin PBXGroup section */
		6F602711D7675708E3D54734 /* Pods */ = {
			isa = PBXGroup;
			children = (
				57929C07F38C432682F1D9B2 /* Pods-NiceArticle.debug.xcconfig */,
				17B208CA4BFCABED8528D263 /* Pods-NiceArticle.release.xcconfig */,
			);
			name = Pods;
			sourceTree = "<group>";
		};
		93F07F322AE8C39136B56290 /* Frameworks */ = {
			isa = PBXGroup;
			children = (
				ED81BC293334BE6D05C54447 /* Pods_NiceArticle.framework */,
			);
			name = Frameworks;
			sourceTree = "<group>";
		};
		B9F75EE11D88FC2200E59863 /* Net */ = {
			isa = PBXGroup;
			children = (
				B9F75EE21D88FC2200E59863 /* Net_Manager */,
				B9F75EE71D88FC2200E59863 /* OC_Category */,
			);
			path = Net;
			sourceTree = "<group>";
		};
		B9F75EE21D88FC2200E59863 /* Net_Manager */ = {
			isa = PBXGroup;
			children = (
				B9F75EE31D88FC2200E59863 /* NetAPIClient.h */,
				B9F75EE41D88FC2200E59863 /* NetAPIClient.m */,
				B9F75EE51D88FC2200E59863 /* NetAPIManager.h */,
				B9F75EE61D88FC2200E59863 /* NetAPIManager.m */,
			);
			path = Net_Manager;
			sourceTree = "<group>";
		};
		B9F75EE71D88FC2200E59863 /* OC_Category */ = {
			isa = PBXGroup;
			children = (
				B9F75EE81D88FC2200E59863 /* NSObject+Common.h */,
				B9F75EE91D88FC2200E59863 /* NSObject+Common.m */,
				B9F75EEA1D88FC2200E59863 /* NSObject+ObjectMap.h */,
				B9F75EEB1D88FC2200E59863 /* NSObject+ObjectMap.m */,
			);
			path = OC_Category;
			sourceTree = "<group>";
		};
		F8D763271D792A2800A720FE = {
			isa = PBXGroup;
			children = (
				F8D763321D792A2800A720FE /* NiceArticle */,
				F8D763311D792A2800A720FE /* Products */,
				6F602711D7675708E3D54734 /* Pods */,
				93F07F322AE8C39136B56290 /* Frameworks */,
			);
			sourceTree = "<group>";
		};
		F8D763311D792A2800A720FE /* Products */ = {
			isa = PBXGroup;
			children = (
				F8D763301D792A2800A720FE /* NiceArticle.app */,
			);
			name = Products;
			sourceTree = "<group>";
		};
		F8D763321D792A2800A720FE /* NiceArticle */ = {
			isa = PBXGroup;
			children = (
				B9F75EE11D88FC2200E59863 /* Net */,
				B9F75EE01D88FB0D00E59863 /* NiceArticle-Prefix.pch */,
				F8D763671D79630A00A720FE /* library */,
				F8D7634E1D792AA100A720FE /* modules */,
				F8D763361D792A2800A720FE /* AppDelegate.h */,
				F8D763371D792A2800A720FE /* AppDelegate.m */,
				F8D763421D792A2800A720FE /* Assets.xcassets */,
				F8D763441D792A2800A720FE /* LaunchScreen.storyboard */,
				F8D763471D792A2800A720FE /* Info.plist */,
				F8D7633F1D792A2800A720FE /* NiceArticle.xcdatamodeld */,
				F8D763331D792A2800A720FE /* Supporting Files */,
			);
			path = NiceArticle;
			sourceTree = "<group>";
		};
		F8D763331D792A2800A720FE /* Supporting Files */ = {
			isa = PBXGroup;
			children = (
				F8D763341D792A2800A720FE /* main.m */,
			);
			name = "Supporting Files";
			sourceTree = "<group>";
		};
		F8D7634E1D792AA100A720FE /* modules */ = {
			isa = PBXGroup;
			children = (
				F8DE92561D87CE7B004DADDD /* mine */,
				F8DE92591D87CE7B004DADDD /* find */,
				F8DE925C1D87CE7B004DADDD /* add */,
				F8DE92521D87CE4A004DADDD /* caogao */,
				F8D7634F1D792AAD00A720FE /* home */,
			);
			name = modules;
			sourceTree = "<group>";
		};
		F8D7634F1D792AAD00A720FE /* home */ = {
			isa = PBXGroup;
			children = (
				F8D763591D792F0800A720FE /* NAHomeViewController.h */,
				F8D7635A1D792F0800A720FE /* NAHomeViewController.m */,
				F8D7635C1D79319600A720FE /* NAMainViewController.h */,
				F8D7635D1D79319600A720FE /* NAMainViewController.m */,
			);
			name = home;
			sourceTree = "<group>";
		};
		F8D763671D79630A00A720FE /* library */ = {
			isa = PBXGroup;
			children = (
				F8F199B41D7D62A900F34694 /* widget */,
				F8D763681D79631200A720FE /* utils */,
			);
			name = library;
			sourceTree = "<group>";
		};
		F8D763681D79631200A720FE /* utils */ = {
			isa = PBXGroup;
			children = (
				F8D7636C1D79648000A720FE /* MToastUtil.h */,
				F8D763691D79637A00A720FE /* MToastUtil.m */,
				F8F199C21D7EB44A00F34694 /* MDeviceUtil.h */,
				F8F199C31D7EB44A00F34694 /* MDeviceUtil.m */,
			);
			name = utils;
			sourceTree = "<group>";
		};
		F8DE92521D87CE4A004DADDD /* caogao */ = {
			isa = PBXGroup;
			children = (
				F8DE92531D87CE4A004DADDD /* NACaoGaoViewController.h */,
				F8DE92541D87CE4A004DADDD /* NACaoGaoViewController.m */,
			);
			name = caogao;
			path = modules/caogao;
			sourceTree = "<group>";
		};
		F8DE92561D87CE7B004DADDD /* mine */ = {
			isa = PBXGroup;
			children = (
				F8DE92571D87CE7B004DADDD /* NAMineViewController.h */,
				F8DE92581D87CE7B004DADDD /* NAMineViewController.m */,
			);
			name = mine;
			path = modules/mine;
			sourceTree = "<group>";
		};
		F8DE92591D87CE7B004DADDD /* find */ = {
			isa = PBXGroup;
			children = (
				F8DE925A1D87CE7B004DADDD /* NAFindViewController.h */,
				F8DE925B1D87CE7B004DADDD /* NAFindViewController.m */,
			);
			name = find;
			path = modules/find;
			sourceTree = "<group>";
		};
		F8DE925C1D87CE7B004DADDD /* add */ = {
			isa = PBXGroup;
			children = (
				F8DE92741D87D8A2004DADDD /* cell */,
				F8DE925D1D87CE7B004DADDD /* NAAddViewController.h */,
				F8DE925E1D87CE7B004DADDD /* NAAddViewController.m */,
				F8DE925F1D87CE7B004DADDD /* NAArticleItemModel.h */,
				F8DE92601D87CE7B004DADDD /* NAArticleItemModel.m */,
			);
			name = add;
			path = modules/add;
			sourceTree = "<group>";
		};
		F8DE92741D87D8A2004DADDD /* cell */ = {
			isa = PBXGroup;
			children = (
				F8DE92751D87D929004DADDD /* NAAddTextViewCell.h */,
				F8DE92761D87D929004DADDD /* NAAddTextViewCell.m */,
				F8DE92771D87D929004DADDD /* NAAddTextViewCell.xib */,
			);
			name = cell;
			sourceTree = "<group>";
		};
		F8F199B41D7D62A900F34694 /* widget */ = {
			isa = PBXGroup;
			children = (
				F8F199B51D7D62B500F34694 /* tableview */,
			);
			name = widget;
			sourceTree = "<group>";
		};
		F8F199B51D7D62B500F34694 /* tableview */ = {
			isa = PBXGroup;
			children = (
				F8F199B91D7D65C800F34694 /* JXMovableCellTableView.m */,
				F8F199BA1D7D65C800F34694 /* JXMovableCellTableView.h */,
			);
			name = tableview;
			sourceTree = "<group>";
		};
/* End PBXGroup section */

/* Begin PBXNativeTarget section */
		F8D7632F1D792A2800A720FE /* NiceArticle */ = {
			isa = PBXNativeTarget;
			buildConfigurationList = F8D7634A1D792A2800A720FE /* Build configuration list for PBXNativeTarget "NiceArticle" */;
			buildPhases = (
				15F4B33137BC6CADD9CEBA82 /* [CP] Check Pods Manifest.lock */,
				F8D7632C1D792A2800A720FE /* Sources */,
				F8D7632D1D792A2800A720FE /* Frameworks */,
				F8D7632E1D792A2800A720FE /* Resources */,
				35605FF98EA9C428F966B8A1 /* [CP] Embed Pods Frameworks */,
				F77BE03AE6A2D035A4A86C27 /* [CP] Copy Pods Resources */,
			);
			buildRules = (
			);
			dependencies = (
			);
			name = NiceArticle;
			productName = NiceArticle;
			productReference = F8D763301D792A2800A720FE /* NiceArticle.app */;
			productType = "com.apple.product-type.application";
		};
/* End PBXNativeTarget section */

/* Begin PBXProject section */
		F8D763281D792A2800A720FE /* Project object */ = {
			isa = PBXProject;
			attributes = {
				LastUpgradeCheck = 0720;
				ORGANIZATIONNAME = WhiteElephant;
				TargetAttributes = {
					F8D7632F1D792A2800A720FE = {
						CreatedOnToolsVersion = 7.2.1;
						DevelopmentTeam = T295MMEZ9W;
					};
				};
			};
			buildConfigurationList = F8D7632B1D792A2800A720FE /* Build configuration list for PBXProject "NiceArticle" */;
			compatibilityVersion = "Xcode 3.2";
			developmentRegion = English;
			hasScannedForEncodings = 0;
			knownRegions = (
				en,
				Base,
			);
			mainGroup = F8D763271D792A2800A720FE;
			productRefGroup = F8D763311D792A2800A720FE /* Products */;
			projectDirPath = "";
			projectRoot = "";
			targets = (
				F8D7632F1D792A2800A720FE /* NiceArticle */,
			);
		};
/* End PBXProject section */

/* Begin PBXResourcesBuildPhase section */
		F8D7632E1D792A2800A720FE /* Resources */ = {
			isa = PBXResourcesBuildPhase;
			buildActionMask = 2147483647;
			files = (
				F8D763461D792A2800A720FE /* LaunchScreen.storyboard in Resources */,
				F8D763431D792A2800A720FE /* Assets.xcassets in Resources */,
				F8DE92791D87D929004DADDD /* NAAddTextViewCell.xib in Resources */,
			);
			runOnlyForDeploymentPostprocessing = 0;
		};
/* End PBXResourcesBuildPhase section */

/* Begin PBXShellScriptBuildPhase section */
		15F4B33137BC6CADD9CEBA82 /* [CP] Check Pods Manifest.lock */ = {
			isa = PBXShellScriptBuildPhase;
			buildActionMask = 2147483647;
			files = (
			);
			inputPaths = (
			);
			name = "[CP] Check Pods Manifest.lock";
			outputPaths = (
			);
			runOnlyForDeploymentPostprocessing = 0;
			shellPath = /bin/sh;
			shellScript = "diff \"${PODS_ROOT}/../Podfile.lock\" \"${PODS_ROOT}/Manifest.lock\" > /dev/null\nif [[ $? != 0 ]] ; then\n    cat << EOM\nerror: The sandbox is not in sync with the Podfile.lock. Run 'pod install' or update your CocoaPods installation.\nEOM\n    exit 1\nfi\n";
			showEnvVarsInLog = 0;
		};
		35605FF98EA9C428F966B8A1 /* [CP] Embed Pods Frameworks */ = {
			isa = PBXShellScriptBuildPhase;
			buildActionMask = 2147483647;
			files = (
			);
			inputPaths = (
			);
			name = "[CP] Embed Pods Frameworks";
			outputPaths = (
			);
			runOnlyForDeploymentPostprocessing = 0;
			shellPath = /bin/sh;
			shellScript = "\"${SRCROOT}/Pods/Target Support Files/Pods-NiceArticle/Pods-NiceArticle-frameworks.sh\"\n";
			showEnvVarsInLog = 0;
		};
		F77BE03AE6A2D035A4A86C27 /* [CP] Copy Pods Resources */ = {
			isa = PBXShellScriptBuildPhase;
			buildActionMask = 2147483647;
			files = (
			);
			inputPaths = (
			);
			name = "[CP] Copy Pods Resources";
			outputPaths = (
			);
			runOnlyForDeploymentPostprocessing = 0;
			shellPath = /bin/sh;
			shellScript = "\"${SRCROOT}/Pods/Target Support Files/Pods-NiceArticle/Pods-NiceArticle-resources.sh\"\n";
			showEnvVarsInLog = 0;
		};
/* End PBXShellScriptBuildPhase section */

/* Begin PBXSourcesBuildPhase section */
		F8D7632C1D792A2800A720FE /* Sources */ = {
			isa = PBXSourcesBuildPhase;
			buildActionMask = 2147483647;
			files = (
				F8DE92611D87CE7B004DADDD /* NAMineViewController.m in Sources */,
				F8D7635E1D79319600A720FE /* NAMainViewController.m in Sources */,
				F8DE92641D87CE7B004DADDD /* NAArticleItemModel.m in Sources */,
				F8D7636A1D79637A00A720FE /* MToastUtil.m in Sources */,
				F8F199C41D7EB44A00F34694 /* MDeviceUtil.m in Sources */,
				F8D7635B1D792F0800A720FE /* NAHomeViewController.m in Sources */,
				B9F75EED1D88FC2200E59863 /* NetAPIManager.m in Sources */,
				F8DE92621D87CE7B004DADDD /* NAFindViewController.m in Sources */,
				F8D763381D792A2800A720FE /* AppDelegate.m in Sources */,
				F8DE92781D87D929004DADDD /* NAAddTextViewCell.m in Sources */,
				F8DE92551D87CE4A004DADDD /* NACaoGaoViewController.m in Sources */,
				F8D763351D792A2800A720FE /* main.m in Sources */,
				B9F75EEC1D88FC2200E59863 /* NetAPIClient.m in Sources */,
				F8F199BB1D7D65C800F34694 /* JXMovableCellTableView.m in Sources */,
				B9F75EEE1D88FC2200E59863 /* NSObject+Common.m in Sources */,
				F8D763411D792A2800A720FE /* NiceArticle.xcdatamodeld in Sources */,
				F8DE92631D87CE7B004DADDD /* NAAddViewController.m in Sources */,
				B9F75EEF1D88FC2200E59863 /* NSObject+ObjectMap.m in Sources */,
			);
			runOnlyForDeploymentPostprocessing = 0;
		};
/* End PBXSourcesBuildPhase section */

/* Begin PBXVariantGroup section */
		F8D763441D792A2800A720FE /* LaunchScreen.storyboard */ = {
			isa = PBXVariantGroup;
			children = (
				F8D763451D792A2800A720FE /* Base */,
			);
			name = LaunchScreen.storyboard;
			sourceTree = "<group>";
		};
/* End PBXVariantGroup section */

/* Begin XCBuildConfiguration section */
		F8D763481D792A2800A720FE /* Debug */ = {
			isa = XCBuildConfiguration;
			buildSettings = {
				ALWAYS_SEARCH_USER_PATHS = NO;
				CLANG_CXX_LANGUAGE_STANDARD = "gnu++0x";
				CLANG_CXX_LIBRARY = "libc++";
				CLANG_ENABLE_MODULES = YES;
				CLANG_ENABLE_OBJC_ARC = YES;
				CLANG_WARN_BOOL_CONVERSION = YES;
				CLANG_WARN_CONSTANT_CONVERSION = YES;
				CLANG_WARN_DIRECT_OBJC_ISA_USAGE = YES_ERROR;
				CLANG_WARN_EMPTY_BODY = YES;
				CLANG_WARN_ENUM_CONVERSION = YES;
				CLANG_WARN_INT_CONVERSION = YES;
				CLANG_WARN_OBJC_ROOT_CLASS = YES_ERROR;
				CLANG_WARN_UNREACHABLE_CODE = YES;
				CLANG_WARN__DUPLICATE_METHOD_MATCH = YES;
				"CODE_SIGN_IDENTITY[sdk=iphoneos*]" = "iPhone Developer";
				COPY_PHASE_STRIP = NO;
				DEBUG_INFORMATION_FORMAT = dwarf;
				ENABLE_STRICT_OBJC_MSGSEND = YES;
				ENABLE_TESTABILITY = YES;
				GCC_C_LANGUAGE_STANDARD = gnu99;
				GCC_DYNAMIC_NO_PIC = NO;
				GCC_NO_COMMON_BLOCKS = YES;
				GCC_OPTIMIZATION_LEVEL = 0;
				GCC_PREPROCESSOR_DEFINITIONS = (
					"DEBUG=1",
					"$(inherited)",
				);
				GCC_WARN_64_TO_32_BIT_CONVERSION = YES;
				GCC_WARN_ABOUT_RETURN_TYPE = YES_ERROR;
				GCC_WARN_UNDECLARED_SELECTOR = YES;
				GCC_WARN_UNINITIALIZED_AUTOS = YES_AGGRESSIVE;
				GCC_WARN_UNUSED_FUNCTION = YES;
				GCC_WARN_UNUSED_VARIABLE = YES;
				IPHONEOS_DEPLOYMENT_TARGET = 8.0;
				MTL_ENABLE_DEBUG_INFO = YES;
				ONLY_ACTIVE_ARCH = YES;
				SDKROOT = iphoneos;
				TARGETED_DEVICE_FAMILY = "1,2";
			};
			name = Debug;
		};
		F8D763491D792A2800A720FE /* Release */ = {
			isa = XCBuildConfiguration;
			buildSettings = {
				ALWAYS_SEARCH_USER_PATHS = NO;
				CLANG_CXX_LANGUAGE_STANDARD = "gnu++0x";
				CLANG_CXX_LIBRARY = "libc++";
				CLANG_ENABLE_MODULES = YES;
				CLANG_ENABLE_OBJC_ARC = YES;
				CLANG_WARN_BOOL_CONVERSION = YES;
				CLANG_WARN_CONSTANT_CONVERSION = YES;
				CLANG_WARN_DIRECT_OBJC_ISA_USAGE = YES_ERROR;
				CLANG_WARN_EMPTY_BODY = YES;
				CLANG_WARN_ENUM_CONVERSION = YES;
				CLANG_WARN_INT_CONVERSION = YES;
				CLANG_WARN_OBJC_ROOT_CLASS = YES_ERROR;
				CLANG_WARN_UNREACHABLE_CODE = YES;
				CLANG_WARN__DUPLICATE_METHOD_MATCH = YES;
				"CODE_SIGN_IDENTITY[sdk=iphoneos*]" = "iPhone Developer";
				COPY_PHASE_STRIP = NO;
				DEBUG_INFORMATION_FORMAT = "dwarf-with-dsym";
				ENABLE_NS_ASSERTIONS = NO;
				ENABLE_STRICT_OBJC_MSGSEND = YES;
				GCC_C_LANGUAGE_STANDARD = gnu99;
				GCC_NO_COMMON_BLOCKS = YES;
				GCC_WARN_64_TO_32_BIT_CONVERSION = YES;
				GCC_WARN_ABOUT_RETURN_TYPE = YES_ERROR;
				GCC_WARN_UNDECLARED_SELECTOR = YES;
				GCC_WARN_UNINITIALIZED_AUTOS = YES_AGGRESSIVE;
				GCC_WARN_UNUSED_FUNCTION = YES;
				GCC_WARN_UNUSED_VARIABLE = YES;
				IPHONEOS_DEPLOYMENT_TARGET = 8.0;
				MTL_ENABLE_DEBUG_INFO = NO;
				SDKROOT = iphoneos;
				TARGETED_DEVICE_FAMILY = "1,2";
				VALIDATE_PRODUCT = YES;
			};
			name = Release;
		};
		F8D7634B1D792A2800A720FE /* Debug */ = {
			isa = XCBuildConfiguration;
			baseConfigurationReference = 57929C07F38C432682F1D9B2 /* Pods-NiceArticle.debug.xcconfig */;
			buildSettings = {
				ASSETCATALOG_COMPILER_APPICON_NAME = AppIcon;
				INFOPLIST_FILE = NiceArticle/Info.plist;
				LD_RUNPATH_SEARCH_PATHS = "$(inherited) @executable_path/Frameworks";
				PRODUCT_BUNDLE_IDENTIFIER = com.WhiteElephant.NiceArticle;
				PRODUCT_NAME = "$(TARGET_NAME)";
			};
			name = Debug;
		};
		F8D7634C1D792A2800A720FE /* Release */ = {
			isa = XCBuildConfiguration;
			baseConfigurationReference = 17B208CA4BFCABED8528D263 /* Pods-NiceArticle.release.xcconfig */;
			buildSettings = {
				ASSETCATALOG_COMPILER_APPICON_NAME = AppIcon;
				INFOPLIST_FILE = NiceArticle/Info.plist;
				LD_RUNPATH_SEARCH_PATHS = "$(inherited) @executable_path/Frameworks";
				PRODUCT_BUNDLE_IDENTIFIER = com.WhiteElephant.NiceArticle;
				PRODUCT_NAME = "$(TARGET_NAME)";
			};
			name = Release;
		};
/* End XCBuildConfiguration section */

/* Begin XCConfigurationList section */
		F8D7632B1D792A2800A720FE /* Build configuration list for PBXProject "NiceArticle" */ = {
			isa = XCConfigurationList;
			buildConfigurations = (
				F8D763481D792A2800A720FE /* Debug */,
				F8D763491D792A2800A720FE /* Release */,
			);
			defaultConfigurationIsVisible = 0;
			defaultConfigurationName = Release;
		};
		F8D7634A1D792A2800A720FE /* Build configuration list for PBXNativeTarget "NiceArticle" */ = {
			isa = XCConfigurationList;
			buildConfigurations = (
				F8D7634B1D792A2800A720FE /* Debug */,
				F8D7634C1D792A2800A720FE /* Release */,
			);
			defaultConfigurationIsVisible = 0;
			defaultConfigurationName = Release;
		};
/* End XCConfigurationList section */

/* Begin XCVersionGroup section */
		F8D7633F1D792A2800A720FE /* NiceArticle.xcdatamodeld */ = {
			isa = XCVersionGroup;
			children = (
				F8D763401D792A2800A720FE /* NiceArticle.xcdatamodel */,
			);
			currentVersion = F8D763401D792A2800A720FE /* NiceArticle.xcdatamodel */;
			path = NiceArticle.xcdatamodeld;
			sourceTree = "<group>";
			versionGroupType = wrapper.xcdatamodel;
		};
/* End XCVersionGroup section */
	};
	rootObject = F8D763281D792A2800A720FE /* Project object */;
}
